// !$*UTF8*$!
{
	archiveVersion = 1;
	classes = {
	};
	objectVersion = 60;
	objects = {

/* Begin PBXBuildFile section */
		E20CBF1F2BC206FE00E4AD92 /* RefugeUITests.swift in Sources */ = {isa = PBXBuildFile; fileRef = E20CBF1C2BC206FE00E4AD92 /* RefugeUITests.swift */; };
		E20CBF202BC206FE00E4AD92 /* RefugeUITestsLaunchTests.swift in Sources */ = {isa = PBXBuildFile; fileRef = E20CBF1D2BC206FE00E4AD92 /* RefugeUITestsLaunchTests.swift */; };
		E20CBF212BC2072500E4AD92 /* RefugeTests.swift in Sources */ = {isa = PBXBuildFile; fileRef = E2BEA1092BC206D700FE9539 /* RefugeTests.swift */; };
		E233EFEE2BC205630028151F /* RefugeRestroomsSeed.sqlite in Resources */ = {isa = PBXBuildFile; fileRef = E233EFED2BC205630028151F /* RefugeRestroomsSeed.sqlite */; };
		E233EFF72BC205C60028151F /* SwiftUIView.swift in Sources */ = {isa = PBXBuildFile; fileRef = E233EFF62BC205C60028151F /* SwiftUIView.swift */; };
		E233EFF92BC206800028151F /* Launch Screen.storyboard in Resources */ = {isa = PBXBuildFile; fileRef = E233EFF82BC206800028151F /* Launch Screen.storyboard */; };
		E26220D22BC203A900C3C48D /* RefugeApp.swift in Sources */ = {isa = PBXBuildFile; fileRef = E26220D12BC203A900C3C48D /* RefugeApp.swift */; };
		E26220D42BC203A900C3C48D /* ContentView.swift in Sources */ = {isa = PBXBuildFile; fileRef = E26220D32BC203A900C3C48D /* ContentView.swift */; };
		E26220D62BC203A900C3C48D /* Item.swift in Sources */ = {isa = PBXBuildFile; fileRef = E26220D52BC203A900C3C48D /* Item.swift */; };
		E26220D82BC203AA00C3C48D /* Assets.xcassets in Resources */ = {isa = PBXBuildFile; fileRef = E26220D72BC203AA00C3C48D /* Assets.xcassets */; };
		E26220DB2BC203AA00C3C48D /* Preview Assets.xcassets in Resources */ = {isa = PBXBuildFile; fileRef = E26220DA2BC203AA00C3C48D /* Preview Assets.xcassets */; };
/* End PBXBuildFile section */

/* Begin PBXContainerItemProxy section */
		E26220E12BC203AA00C3C48D /* PBXContainerItemProxy */ = {
			isa = PBXContainerItemProxy;
			containerPortal = E26220C62BC203A900C3C48D /* Project object */;
			proxyType = 1;
			remoteGlobalIDString = E26220CD2BC203A900C3C48D;
			remoteInfo = "refuge-ios";
		};
		E26220EB2BC203AA00C3C48D /* PBXContainerItemProxy */ = {
			isa = PBXContainerItemProxy;
			containerPortal = E26220C62BC203A900C3C48D /* Project object */;
			proxyType = 1;
			remoteGlobalIDString = E26220CD2BC203A900C3C48D;
			remoteInfo = "refuge-ios";
		};
/* End PBXContainerItemProxy section */

/* Begin PBXFileReference section */
		E20CBF1C2BC206FE00E4AD92 /* RefugeUITests.swift */ = {isa = PBXFileReference; fileEncoding = 4; lastKnownFileType = sourcecode.swift; path = RefugeUITests.swift; sourceTree = "<group>"; };
		E20CBF1D2BC206FE00E4AD92 /* RefugeUITestsLaunchTests.swift */ = {isa = PBXFileReference; fileEncoding = 4; lastKnownFileType = sourcecode.swift; path = RefugeUITestsLaunchTests.swift; sourceTree = "<group>"; };
		E233EFED2BC205630028151F /* RefugeRestroomsSeed.sqlite */ = {isa = PBXFileReference; lastKnownFileType = file; path = RefugeRestroomsSeed.sqlite; sourceTree = "<group>"; };
		E233EFF62BC205C60028151F /* SwiftUIView.swift */ = {isa = PBXFileReference; lastKnownFileType = sourcecode.swift; path = SwiftUIView.swift; sourceTree = "<group>"; };
		E233EFF82BC206800028151F /* Launch Screen.storyboard */ = {isa = PBXFileReference; lastKnownFileType = file.storyboard; path = "Launch Screen.storyboard"; sourceTree = "<group>"; };
		E26220CE2BC203A900C3C48D /* refuge-ios.app */ = {isa = PBXFileReference; explicitFileType = wrapper.application; includeInIndex = 0; path = "refuge-ios.app"; sourceTree = BUILT_PRODUCTS_DIR; };
		E26220D12BC203A900C3C48D /* RefugeApp.swift */ = {isa = PBXFileReference; lastKnownFileType = sourcecode.swift; path = RefugeApp.swift; sourceTree = "<group>"; };
		E26220D32BC203A900C3C48D /* ContentView.swift */ = {isa = PBXFileReference; lastKnownFileType = sourcecode.swift; path = ContentView.swift; sourceTree = "<group>"; };
		E26220D52BC203A900C3C48D /* Item.swift */ = {isa = PBXFileReference; lastKnownFileType = sourcecode.swift; path = Item.swift; sourceTree = "<group>"; };
		E26220D72BC203AA00C3C48D /* Assets.xcassets */ = {isa = PBXFileReference; lastKnownFileType = folder.assetcatalog; path = Assets.xcassets; sourceTree = "<group>"; };
		E26220DA2BC203AA00C3C48D /* Preview Assets.xcassets */ = {isa = PBXFileReference; lastKnownFileType = folder.assetcatalog; path = "Preview Assets.xcassets"; sourceTree = "<group>"; };
		E26220E02BC203AA00C3C48D /* refuge-iosTests.xctest */ = {isa = PBXFileReference; explicitFileType = wrapper.cfbundle; includeInIndex = 0; path = "refuge-iosTests.xctest"; sourceTree = BUILT_PRODUCTS_DIR; };
		E26220EA2BC203AA00C3C48D /* refuge-iosUITests.xctest */ = {isa = PBXFileReference; explicitFileType = wrapper.cfbundle; includeInIndex = 0; path = "refuge-iosUITests.xctest"; sourceTree = BUILT_PRODUCTS_DIR; };
		E2BEA1092BC206D700FE9539 /* RefugeTests.swift */ = {isa = PBXFileReference; fileEncoding = 4; lastKnownFileType = sourcecode.swift; path = RefugeTests.swift; sourceTree = "<group>"; };
/* End PBXFileReference section */

/* Begin PBXFrameworksBuildPhase section */
		E26220CB2BC203A900C3C48D /* Frameworks */ = {
			isa = PBXFrameworksBuildPhase;
			buildActionMask = 2147483647;
			files = (
			);
			runOnlyForDeploymentPostprocessing = 0;
		};
		E26220DD2BC203AA00C3C48D /* Frameworks */ = {
			isa = PBXFrameworksBuildPhase;
			buildActionMask = 2147483647;
			files = (
			);
			runOnlyForDeploymentPostprocessing = 0;
		};
		E26220E72BC203AA00C3C48D /* Frameworks */ = {
			isa = PBXFrameworksBuildPhase;
			buildActionMask = 2147483647;
			files = (
			);
			runOnlyForDeploymentPostprocessing = 0;
		};
/* End PBXFrameworksBuildPhase section */

/* Begin PBXGroup section */
		E20CBF1E2BC206FE00E4AD92 /* RefugeUITests */ = {
			isa = PBXGroup;
			children = (
				E20CBF1C2BC206FE00E4AD92 /* RefugeUITests.swift */,
				E20CBF1D2BC206FE00E4AD92 /* RefugeUITestsLaunchTests.swift */,
			);
			path = RefugeUITests;
			sourceTree = "<group>";
		};
		E233EFEC2BC2049A0028151F /* Data */ = {
			isa = PBXGroup;
			children = (
				E233EFED2BC205630028151F /* RefugeRestroomsSeed.sqlite */,
			);
			path = Data;
			sourceTree = "<group>";
		};
		E233EFEF2BC205680028151F /* App */ = {
			isa = PBXGroup;
			children = (
				E26220D12BC203A900C3C48D /* RefugeApp.swift */,
			);
			path = App;
			sourceTree = "<group>";
		};
		E233EFF02BC2056E0028151F /* Screens */ = {
			isa = PBXGroup;
			children = (
				E26220D32BC203A900C3C48D /* ContentView.swift */,
			);
			path = Screens;
			sourceTree = "<group>";
		};
		E233EFF12BC205750028151F /* Models */ = {
			isa = PBXGroup;
			children = (
				E26220D52BC203A900C3C48D /* Item.swift */,
			);
			path = Models;
			sourceTree = "<group>";
		};
		E233EFF22BC2057A0028151F /* Resources */ = {
			isa = PBXGroup;
			children = (
				E26220D72BC203AA00C3C48D /* Assets.xcassets */,
			);
			path = Resources;
			sourceTree = "<group>";
		};
		E233EFF32BC205870028151F /* Views */ = {
			isa = PBXGroup;
			children = (
				E233EFF62BC205C60028151F /* SwiftUIView.swift */,
			);
			path = Views;
			sourceTree = "<group>";
		};
		E26220C52BC203A900C3C48D = {
			isa = PBXGroup;
			children = (
				E26220D02BC203A900C3C48D /* Refuge */,
				E20CBF1E2BC206FE00E4AD92 /* RefugeUITests */,
				E2BEA10A2BC206D700FE9539 /* RefugeTests */,
				E26220CF2BC203A900C3C48D /* Products */,
			);
			sourceTree = "<group>";
		};
		E26220CF2BC203A900C3C48D /* Products */ = {
			isa = PBXGroup;
			children = (
				E26220CE2BC203A900C3C48D /* refuge-ios.app */,
				E26220E02BC203AA00C3C48D /* refuge-iosTests.xctest */,
				E26220EA2BC203AA00C3C48D /* refuge-iosUITests.xctest */,
			);
			name = Products;
			sourceTree = "<group>";
		};
		E26220D02BC203A900C3C48D /* Refuge */ = {
			isa = PBXGroup;
			children = (
				E233EFEF2BC205680028151F /* App */,
				E233EFF02BC2056E0028151F /* Screens */,
				E233EFF12BC205750028151F /* Models */,
				E233EFF32BC205870028151F /* Views */,
				E233EFEC2BC2049A0028151F /* Data */,
				E233EFF22BC2057A0028151F /* Resources */,
				E26220D92BC203AA00C3C48D /* Preview Content */,
				E233EFF82BC206800028151F /* Launch Screen.storyboard */,
			);
			path = Refuge;
			sourceTree = "<group>";
		};
		E26220D92BC203AA00C3C48D /* Preview Content */ = {
			isa = PBXGroup;
			children = (
				E26220DA2BC203AA00C3C48D /* Preview Assets.xcassets */,
			);
			path = "Preview Content";
			sourceTree = "<group>";
		};
		E2BEA10A2BC206D700FE9539 /* RefugeTests */ = {
			isa = PBXGroup;
			children = (
				E2BEA1092BC206D700FE9539 /* RefugeTests.swift */,
			);
			path = RefugeTests;
			sourceTree = "<group>";
		};
/* End PBXGroup section */

/* Begin PBXNativeTarget section */
		E26220CD2BC203A900C3C48D /* refuge-ios */ = {
			isa = PBXNativeTarget;
			buildConfigurationList = E26220F42BC203AA00C3C48D /* Build configuration list for PBXNativeTarget "refuge-ios" */;
			buildPhases = (
				E26220CA2BC203A900C3C48D /* Sources */,
				E26220CB2BC203A900C3C48D /* Frameworks */,
				E26220CC2BC203A900C3C48D /* Resources */,
			);
			buildRules = (
			);
			dependencies = (
			);
			name = "refuge-ios";
			productName = "refuge-ios";
			productReference = E26220CE2BC203A900C3C48D /* refuge-ios.app */;
			productType = "com.apple.product-type.application";
		};
		E26220DF2BC203AA00C3C48D /* refuge-iosTests */ = {
			isa = PBXNativeTarget;
			buildConfigurationList = E26220F72BC203AA00C3C48D /* Build configuration list for PBXNativeTarget "refuge-iosTests" */;
			buildPhases = (
				E26220DC2BC203AA00C3C48D /* Sources */,
				E26220DD2BC203AA00C3C48D /* Frameworks */,
				E26220DE2BC203AA00C3C48D /* Resources */,
			);
			buildRules = (
			);
			dependencies = (
				E26220E22BC203AA00C3C48D /* PBXTargetDependency */,
			);
			name = "refuge-iosTests";
			productName = "refuge-iosTests";
			productReference = E26220E02BC203AA00C3C48D /* refuge-iosTests.xctest */;
			productType = "com.apple.product-type.bundle.unit-test";
		};
		E26220E92BC203AA00C3C48D /* refuge-iosUITests */ = {
			isa = PBXNativeTarget;
			buildConfigurationList = E26220FA2BC203AA00C3C48D /* Build configuration list for PBXNativeTarget "refuge-iosUITests" */;
			buildPhases = (
				E26220E62BC203AA00C3C48D /* Sources */,
				E26220E72BC203AA00C3C48D /* Frameworks */,
				E26220E82BC203AA00C3C48D /* Resources */,
			);
			buildRules = (
			);
			dependencies = (
				E26220EC2BC203AA00C3C48D /* PBXTargetDependency */,
			);
			name = "refuge-iosUITests";
			productName = "refuge-iosUITests";
			productReference = E26220EA2BC203AA00C3C48D /* refuge-iosUITests.xctest */;
			productType = "com.apple.product-type.bundle.ui-testing";
		};
/* End PBXNativeTarget section */

/* Begin PBXProject section */
		E26220C62BC203A900C3C48D /* Project object */ = {
			isa = PBXProject;
			attributes = {
				BuildIndependentTargetsInParallel = 1;
				LastSwiftUpdateCheck = 1530;
				LastUpgradeCheck = 1530;
				ORGANIZATIONNAME = "Refuge Restrooms";
				TargetAttributes = {
					E26220CD2BC203A900C3C48D = {
						CreatedOnToolsVersion = 15.3;
					};
					E26220DF2BC203AA00C3C48D = {
						CreatedOnToolsVersion = 15.3;
						TestTargetID = E26220CD2BC203A900C3C48D;
					};
					E26220E92BC203AA00C3C48D = {
						CreatedOnToolsVersion = 15.3;
						TestTargetID = E26220CD2BC203A900C3C48D;
					};
				};
			};
			buildConfigurationList = E26220C92BC203A900C3C48D /* Build configuration list for PBXProject "refuge-ios" */;
			compatibilityVersion = "Xcode 15.0";
			developmentRegion = en;
			hasScannedForEncodings = 0;
			knownRegions = (
				en,
				Base,
			);
			mainGroup = E26220C52BC203A900C3C48D;
			productRefGroup = E26220CF2BC203A900C3C48D /* Products */;
			projectDirPath = "";
			projectRoot = "";
			targets = (
				E26220CD2BC203A900C3C48D /* refuge-ios */,
				E26220DF2BC203AA00C3C48D /* refuge-iosTests */,
				E26220E92BC203AA00C3C48D /* refuge-iosUITests */,
			);
		};
/* End PBXProject section */

/* Begin PBXResourcesBuildPhase section */
		E26220CC2BC203A900C3C48D /* Resources */ = {
			isa = PBXResourcesBuildPhase;
			buildActionMask = 2147483647;
			files = (
				E233EFEE2BC205630028151F /* RefugeRestroomsSeed.sqlite in Resources */,
				E26220DB2BC203AA00C3C48D /* Preview Assets.xcassets in Resources */,
				E233EFF92BC206800028151F /* Launch Screen.storyboard in Resources */,
				E26220D82BC203AA00C3C48D /* Assets.xcassets in Resources */,
			);
			runOnlyForDeploymentPostprocessing = 0;
		};
		E26220DE2BC203AA00C3C48D /* Resources */ = {
			isa = PBXResourcesBuildPhase;
			buildActionMask = 2147483647;
			files = (
			);
			runOnlyForDeploymentPostprocessing = 0;
		};
		E26220E82BC203AA00C3C48D /* Resources */ = {
			isa = PBXResourcesBuildPhase;
			buildActionMask = 2147483647;
			files = (
			);
			runOnlyForDeploymentPostprocessing = 0;
		};
/* End PBXResourcesBuildPhase section */

/* Begin PBXSourcesBuildPhase section */
		E26220CA2BC203A900C3C48D /* Sources */ = {
			isa = PBXSourcesBuildPhase;
			buildActionMask = 2147483647;
			files = (
				E26220D42BC203A900C3C48D /* ContentView.swift in Sources */,
				E26220D62BC203A900C3C48D /* Item.swift in Sources */,
				E233EFF72BC205C60028151F /* SwiftUIView.swift in Sources */,
				E26220D22BC203A900C3C48D /* RefugeApp.swift in Sources */,
			);
			runOnlyForDeploymentPostprocessing = 0;
		};
		E26220DC2BC203AA00C3C48D /* Sources */ = {
			isa = PBXSourcesBuildPhase;
			buildActionMask = 2147483647;
			files = (
				E20CBF212BC2072500E4AD92 /* RefugeTests.swift in Sources */,
			);
			runOnlyForDeploymentPostprocessing = 0;
		};
		E26220E62BC203AA00C3C48D /* Sources */ = {
			isa = PBXSourcesBuildPhase;
			buildActionMask = 2147483647;
			files = (
				E20CBF202BC206FE00E4AD92 /* RefugeUITestsLaunchTests.swift in Sources */,
				E20CBF1F2BC206FE00E4AD92 /* RefugeUITests.swift in Sources */,
			);
			runOnlyForDeploymentPostprocessing = 0;
		};
/* End PBXSourcesBuildPhase section */

/* Begin PBXTargetDependency section */
		E26220E22BC203AA00C3C48D /* PBXTargetDependency */ = {
			isa = PBXTargetDependency;
			target = E26220CD2BC203A900C3C48D /* refuge-ios */;
			targetProxy = E26220E12BC203AA00C3C48D /* PBXContainerItemProxy */;
		};
		E26220EC2BC203AA00C3C48D /* PBXTargetDependency */ = {
			isa = PBXTargetDependency;
			target = E26220CD2BC203A900C3C48D /* refuge-ios */;
			targetProxy = E26220EB2BC203AA00C3C48D /* PBXContainerItemProxy */;
		};
/* End PBXTargetDependency section */

/* Begin XCBuildConfiguration section */
		E26220F22BC203AA00C3C48D /* Debug */ = {
			isa = XCBuildConfiguration;
			buildSettings = {
				ALWAYS_SEARCH_USER_PATHS = NO;
				ASSETCATALOG_COMPILER_GENERATE_SWIFT_ASSET_SYMBOL_EXTENSIONS = YES;
				CLANG_ANALYZER_NONNULL = YES;
				CLANG_ANALYZER_NUMBER_OBJECT_CONVERSION = YES_AGGRESSIVE;
				CLANG_CXX_LANGUAGE_STANDARD = "gnu++20";
				CLANG_ENABLE_MODULES = YES;
				CLANG_ENABLE_OBJC_ARC = YES;
				CLANG_ENABLE_OBJC_WEAK = YES;
				CLANG_WARN_BLOCK_CAPTURE_AUTORELEASING = YES;
				CLANG_WARN_BOOL_CONVERSION = YES;
				CLANG_WARN_COMMA = YES;
				CLANG_WARN_CONSTANT_CONVERSION = YES;
				CLANG_WARN_DEPRECATED_OBJC_IMPLEMENTATIONS = YES;
				CLANG_WARN_DIRECT_OBJC_ISA_USAGE = YES_ERROR;
				CLANG_WARN_DOCUMENTATION_COMMENTS = YES;
				CLANG_WARN_EMPTY_BODY = YES;
				CLANG_WARN_ENUM_CONVERSION = YES;
				CLANG_WARN_INFINITE_RECURSION = YES;
				CLANG_WARN_INT_CONVERSION = YES;
				CLANG_WARN_NON_LITERAL_NULL_CONVERSION = YES;
				CLANG_WARN_OBJC_IMPLICIT_RETAIN_SELF = YES;
				CLANG_WARN_OBJC_LITERAL_CONVERSION = YES;
				CLANG_WARN_OBJC_ROOT_CLASS = YES_ERROR;
				CLANG_WARN_QUOTED_INCLUDE_IN_FRAMEWORK_HEADER = YES;
				CLANG_WARN_RANGE_LOOP_ANALYSIS = YES;
				CLANG_WARN_STRICT_PROTOTYPES = YES;
				CLANG_WARN_SUSPICIOUS_MOVE = YES;
				CLANG_WARN_UNGUARDED_AVAILABILITY = YES_AGGRESSIVE;
				CLANG_WARN_UNREACHABLE_CODE = YES;
				CLANG_WARN__DUPLICATE_METHOD_MATCH = YES;
				COPY_PHASE_STRIP = NO;
				DEBUG_INFORMATION_FORMAT = dwarf;
				ENABLE_STRICT_OBJC_MSGSEND = YES;
				ENABLE_TESTABILITY = YES;
				ENABLE_USER_SCRIPT_SANDBOXING = YES;
				GCC_C_LANGUAGE_STANDARD = gnu17;
				GCC_DYNAMIC_NO_PIC = NO;
				GCC_NO_COMMON_BLOCKS = YES;
				GCC_OPTIMIZATION_LEVEL = 0;
				GCC_PREPROCESSOR_DEFINITIONS = (
					"DEBUG=1",
					"$(inherited)",
				);
				GCC_WARN_64_TO_32_BIT_CONVERSION = YES;
				GCC_WARN_ABOUT_RETURN_TYPE = YES_ERROR;
				GCC_WARN_UNDECLARED_SELECTOR = YES;
				GCC_WARN_UNINITIALIZED_AUTOS = YES_AGGRESSIVE;
				GCC_WARN_UNUSED_FUNCTION = YES;
				GCC_WARN_UNUSED_VARIABLE = YES;
				IPHONEOS_DEPLOYMENT_TARGET = 17.0;
				LOCALIZATION_PREFERS_STRING_CATALOGS = YES;
				MTL_ENABLE_DEBUG_INFO = INCLUDE_SOURCE;
				MTL_FAST_MATH = YES;
				ONLY_ACTIVE_ARCH = YES;
				SDKROOT = iphoneos;
				SWIFT_ACTIVE_COMPILATION_CONDITIONS = "DEBUG $(inherited)";
				SWIFT_OPTIMIZATION_LEVEL = "-Onone";
			};
			name = Debug;
		};
		E26220F32BC203AA00C3C48D /* Release */ = {
			isa = XCBuildConfiguration;
			buildSettings = {
				ALWAYS_SEARCH_USER_PATHS = NO;
				ASSETCATALOG_COMPILER_GENERATE_SWIFT_ASSET_SYMBOL_EXTENSIONS = YES;
				CLANG_ANALYZER_NONNULL = YES;
				CLANG_ANALYZER_NUMBER_OBJECT_CONVERSION = YES_AGGRESSIVE;
				CLANG_CXX_LANGUAGE_STANDARD = "gnu++20";
				CLANG_ENABLE_MODULES = YES;
				CLANG_ENABLE_OBJC_ARC = YES;
				CLANG_ENABLE_OBJC_WEAK = YES;
				CLANG_WARN_BLOCK_CAPTURE_AUTORELEASING = YES;
				CLANG_WARN_BOOL_CONVERSION = YES;
				CLANG_WARN_COMMA = YES;
				CLANG_WARN_CONSTANT_CONVERSION = YES;
				CLANG_WARN_DEPRECATED_OBJC_IMPLEMENTATIONS = YES;
				CLANG_WARN_DIRECT_OBJC_ISA_USAGE = YES_ERROR;
				CLANG_WARN_DOCUMENTATION_COMMENTS = YES;
				CLANG_WARN_EMPTY_BODY = YES;
				CLANG_WARN_ENUM_CONVERSION = YES;
				CLANG_WARN_INFINITE_RECURSION = YES;
				CLANG_WARN_INT_CONVERSION = YES;
				CLANG_WARN_NON_LITERAL_NULL_CONVERSION = YES;
				CLANG_WARN_OBJC_IMPLICIT_RETAIN_SELF = YES;
				CLANG_WARN_OBJC_LITERAL_CONVERSION = YES;
				CLANG_WARN_OBJC_ROOT_CLASS = YES_ERROR;
				CLANG_WARN_QUOTED_INCLUDE_IN_FRAMEWORK_HEADER = YES;
				CLANG_WARN_RANGE_LOOP_ANALYSIS = YES;
				CLANG_WARN_STRICT_PROTOTYPES = YES;
				CLANG_WARN_SUSPICIOUS_MOVE = YES;
				CLANG_WARN_UNGUARDED_AVAILABILITY = YES_AGGRESSIVE;
				CLANG_WARN_UNREACHABLE_CODE = YES;
				CLANG_WARN__DUPLICATE_METHOD_MATCH = YES;
				COPY_PHASE_STRIP = NO;
				DEBUG_INFORMATION_FORMAT = "dwarf-with-dsym";
				ENABLE_NS_ASSERTIONS = NO;
				ENABLE_STRICT_OBJC_MSGSEND = YES;
				ENABLE_USER_SCRIPT_SANDBOXING = YES;
				GCC_C_LANGUAGE_STANDARD = gnu17;
				GCC_NO_COMMON_BLOCKS = YES;
				GCC_WARN_64_TO_32_BIT_CONVERSION = YES;
				GCC_WARN_ABOUT_RETURN_TYPE = YES_ERROR;
				GCC_WARN_UNDECLARED_SELECTOR = YES;
				GCC_WARN_UNINITIALIZED_AUTOS = YES_AGGRESSIVE;
				GCC_WARN_UNUSED_FUNCTION = YES;
				GCC_WARN_UNUSED_VARIABLE = YES;
				IPHONEOS_DEPLOYMENT_TARGET = 17.0;
				LOCALIZATION_PREFERS_STRING_CATALOGS = YES;
				MTL_ENABLE_DEBUG_INFO = NO;
				MTL_FAST_MATH = YES;
				SDKROOT = iphoneos;
				SWIFT_COMPILATION_MODE = wholemodule;
				VALIDATE_PRODUCT = YES;
			};
			name = Release;
		};
		E26220F52BC203AA00C3C48D /* Debug */ = {
			isa = XCBuildConfiguration;
			buildSettings = {
				ASSETCATALOG_COMPILER_APPICON_NAME = AppIcon;
				ASSETCATALOG_COMPILER_GLOBAL_ACCENT_COLOR_NAME = AccentColor;
				CODE_SIGN_STYLE = Automatic;
				CURRENT_PROJECT_VERSION = 1;
				DEVELOPMENT_ASSET_PATHS = "\"Refuge/Preview Content\"";
				DEVELOPMENT_TEAM = N3HG6C68EY;
				ENABLE_PREVIEWS = YES;
				GENERATE_INFOPLIST_FILE = YES;
				INFOPLIST_FILE = "refuge-ios-Info.plist";
				INFOPLIST_KEY_CFBundleDisplayName = Refuge;
				INFOPLIST_KEY_LSApplicationCategoryType = "public.app-category.navigation";
				INFOPLIST_KEY_UIApplicationSceneManifest_Generation = YES;
				INFOPLIST_KEY_UIApplicationSupportsIndirectInputEvents = YES;
				INFOPLIST_KEY_UILaunchStoryboardName = "Launch Screen";
				INFOPLIST_KEY_UISupportedInterfaceOrientations = UIInterfaceOrientationPortrait;
				INFOPLIST_KEY_UISupportedInterfaceOrientations_iPad = "UIInterfaceOrientationLandscapeLeft UIInterfaceOrientationLandscapeRight UIInterfaceOrientationPortrait UIInterfaceOrientationPortraitUpsideDown";
				IPHONEOS_DEPLOYMENT_TARGET = 17.0;
				LD_RUNPATH_SEARCH_PATHS = (
					"$(inherited)",
					"@executable_path/Frameworks",
				);
				MARKETING_VERSION = 3.0.0;
				PRODUCT_BUNDLE_IDENTIFIER = "milek.pawel.refuge-ios";
				PRODUCT_NAME = "$(TARGET_NAME)";
				SWIFT_EMIT_LOC_STRINGS = YES;
				SWIFT_VERSION = 5.0;
				TARGETED_DEVICE_FAMILY = "1,2";
			};
			name = Debug;
		};
		E26220F62BC203AA00C3C48D /* Release */ = {
			isa = XCBuildConfiguration;
			buildSettings = {
				ASSETCATALOG_COMPILER_APPICON_NAME = AppIcon;
				ASSETCATALOG_COMPILER_GLOBAL_ACCENT_COLOR_NAME = AccentColor;
				CODE_SIGN_STYLE = Automatic;
				CURRENT_PROJECT_VERSION = 1;
				DEVELOPMENT_ASSET_PATHS = "\"Refuge/Preview Content\"";
				DEVELOPMENT_TEAM = N3HG6C68EY;
				ENABLE_PREVIEWS = YES;
				GENERATE_INFOPLIST_FILE = YES;
				INFOPLIST_FILE = "refuge-ios-Info.plist";
				INFOPLIST_KEY_CFBundleDisplayName = Refuge;
				INFOPLIST_KEY_LSApplicationCategoryType = "public.app-category.navigation";
				INFOPLIST_KEY_UIApplicationSceneManifest_Generation = YES;
				INFOPLIST_KEY_UIApplicationSupportsIndirectInputEvents = YES;
				INFOPLIST_KEY_UILaunchStoryboardName = "Launch Screen";
				INFOPLIST_KEY_UISupportedInterfaceOrientations = UIInterfaceOrientationPortrait;
				INFOPLIST_KEY_UISupportedInterfaceOrientations_iPad = "UIInterfaceOrientationLandscapeLeft UIInterfaceOrientationLandscapeRight UIInterfaceOrientationPortrait UIInterfaceOrientationPortraitUpsideDown";
				IPHONEOS_DEPLOYMENT_TARGET = 17.0;
				LD_RUNPATH_SEARCH_PATHS = (
					"$(inherited)",
					"@executable_path/Frameworks",
				);
				MARKETING_VERSION = 3.0.0;
				PRODUCT_BUNDLE_IDENTIFIER = "milek.pawel.refuge-ios";
				PRODUCT_NAME = "$(TARGET_NAME)";
				SWIFT_EMIT_LOC_STRINGS = YES;
				SWIFT_VERSION = 5.0;
				TARGETED_DEVICE_FAMILY = "1,2";
			};
			name = Release;
		};
		E26220F82BC203AA00C3C48D /* Debug */ = {
			isa = XCBuildConfiguration;
			buildSettings = {
				ALWAYS_EMBED_SWIFT_STANDARD_LIBRARIES = YES;
				BUNDLE_LOADER = "$(TEST_HOST)";
				CODE_SIGN_STYLE = Automatic;
				CURRENT_PROJECT_VERSION = 1;
				DEVELOPMENT_TEAM = N3HG6C68EY;
				GENERATE_INFOPLIST_FILE = YES;
				IPHONEOS_DEPLOYMENT_TARGET = 17.0;
				MARKETING_VERSION = 1.0;
				PRODUCT_BUNDLE_IDENTIFIER = "milek.pawel.refuge-iosTests";
				PRODUCT_NAME = "$(TARGET_NAME)";
				SWIFT_EMIT_LOC_STRINGS = NO;
				SWIFT_VERSION = 5.0;
				TARGETED_DEVICE_FAMILY = "1,2";
				TEST_HOST = "$(BUILT_PRODUCTS_DIR)/refuge-ios.app/$(BUNDLE_EXECUTABLE_FOLDER_PATH)/refuge-ios";
			};
			name = Debug;
		};
		E26220F92BC203AA00C3C48D /* Release */ = {
			isa = XCBuildConfiguration;
			buildSettings = {
				ALWAYS_EMBED_SWIFT_STANDARD_LIBRARIES = YES;
				BUNDLE_LOADER = "$(TEST_HOST)";
				CODE_SIGN_STYLE = Automatic;
				CURRENT_PROJECT_VERSION = 1;
				DEVELOPMENT_TEAM = N3HG6C68EY;
				GENERATE_INFOPLIST_FILE = YES;
				IPHONEOS_DEPLOYMENT_TARGET = 17.0;
				MARKETING_VERSION = 1.0;
				PRODUCT_BUNDLE_IDENTIFIER = "milek.pawel.refuge-iosTests";
				PRODUCT_NAME = "$(TARGET_NAME)";
				SWIFT_EMIT_LOC_STRINGS = NO;
				SWIFT_VERSION = 5.0;
				TARGETED_DEVICE_FAMILY = "1,2";
				TEST_HOST = "$(BUILT_PRODUCTS_DIR)/refuge-ios.app/$(BUNDLE_EXECUTABLE_FOLDER_PATH)/refuge-ios";
			};
			name = Release;
		};
		E26220FB2BC203AA00C3C48D /* Debug */ = {
			isa = XCBuildConfiguration;
			buildSettings = {
				ALWAYS_EMBED_SWIFT_STANDARD_LIBRARIES = YES;
				CODE_SIGN_STYLE = Automatic;
				CURRENT_PROJECT_VERSION = 1;
				DEVELOPMENT_TEAM = N3HG6C68EY;
				GENERATE_INFOPLIST_FILE = YES;
				IPHONEOS_DEPLOYMENT_TARGET = 17.0;
				MARKETING_VERSION = 1.0;
				PRODUCT_BUNDLE_IDENTIFIER = "milek.pawel.refuge-iosUITests";
				PRODUCT_NAME = "$(TARGET_NAME)";
				SWIFT_EMIT_LOC_STRINGS = NO;
				SWIFT_VERSION = 5.0;
				TARGETED_DEVICE_FAMILY = "1,2";
				TEST_TARGET_NAME = "refuge-ios";
			};
			name = Debug;
		};
		E26220FC2BC203AA00C3C48D /* Release */ = {
			isa = XCBuildConfiguration;
			buildSettings = {
				ALWAYS_EMBED_SWIFT_STANDARD_LIBRARIES = YES;
				CODE_SIGN_STYLE = Automatic;
				CURRENT_PROJECT_VERSION = 1;
				DEVELOPMENT_TEAM = N3HG6C68EY;
				GENERATE_INFOPLIST_FILE = YES;
				IPHONEOS_DEPLOYMENT_TARGET = 17.0;
				MARKETING_VERSION = 1.0;
				PRODUCT_BUNDLE_IDENTIFIER = "milek.pawel.refuge-iosUITests";
				PRODUCT_NAME = "$(TARGET_NAME)";
				SWIFT_EMIT_LOC_STRINGS = NO;
				SWIFT_VERSION = 5.0;
				TARGETED_DEVICE_FAMILY = "1,2";
				TEST_TARGET_NAME = "refuge-ios";
			};
			name = Release;
		};
/* End XCBuildConfiguration section */

/* Begin XCConfigurationList section */
		E26220C92BC203A900C3C48D /* Build configuration list for PBXProject "refuge-ios" */ = {
			isa = XCConfigurationList;
			buildConfigurations = (
				E26220F22BC203AA00C3C48D /* Debug */,
				E26220F32BC203AA00C3C48D /* Release */,
			);
			defaultConfigurationIsVisible = 0;
			defaultConfigurationName = Release;
		};
		E26220F42BC203AA00C3C48D /* Build configuration list for PBXNativeTarget "refuge-ios" */ = {
			isa = XCConfigurationList;
			buildConfigurations = (
				E26220F52BC203AA00C3C48D /* Debug */,
				E26220F62BC203AA00C3C48D /* Release */,
			);
			defaultConfigurationIsVisible = 0;
			defaultConfigurationName = Release;
		};
		E26220F72BC203AA00C3C48D /* Build configuration list for PBXNativeTarget "refuge-iosTests" */ = {
			isa = XCConfigurationList;
			buildConfigurations = (
				E26220F82BC203AA00C3C48D /* Debug */,
				E26220F92BC203AA00C3C48D /* Release */,
			);
			defaultConfigurationIsVisible = 0;
			defaultConfigurationName = Release;
		};
		E26220FA2BC203AA00C3C48D /* Build configuration list for PBXNativeTarget "refuge-iosUITests" */ = {
			isa = XCConfigurationList;
			buildConfigurations = (
				E26220FB2BC203AA00C3C48D /* Debug */,
				E26220FC2BC203AA00C3C48D /* Release */,
			);
			defaultConfigurationIsVisible = 0;
			defaultConfigurationName = Release;
		};
/* End XCConfigurationList section */
	};
	rootObject = E26220C62BC203A900C3C48D /* Project object */;
}
